
Microsoft Visual Studio Solution File, Format Version 12.00
# Visual Studio Version 17
VisualStudioVersion = 17.8.34309.116
MinimumVisualStudioVersion = 10.0.40219.1
Project("{FAE04EC0-301F-11D3-BF4B-00C04F79EFBC}") = "packman v1.1", "packman v1.1.csproj", "{D11D11C3-AC89-46F1-937F-9C9D2F8028FE}"
EndProject
Global
	GlobalSection(SolutionConfigurationPlatforms) = preSolution
		Debug|Any CPU = Debug|Any CPU
		Release|Any CPU = Release|Any CPU
	EndGlobalSection
	GlobalSection(ProjectConfigurationPlatforms) = postSolution
		{D11D11C3-AC89-46F1-937F-9C9D2F8028FE}.Debug|Any CPU.ActiveCfg = Debug|Any CPU
		{D11D11C3-AC89-46F1-937F-9C9D2F8028FE}.Debug|Any CPU.Build.0 = Debug|Any CPU
		{D11D11C3-AC89-46F1-937F-9C9D2F8028FE}.Release|Any CPU.ActiveCfg = Release|Any CPU
		{D11D11C3-AC89-46F1-937F-9C9D2F8028FE}.Release|Any CPU.Build.0 = Release|Any CPU
	EndGlobalSection
	GlobalSection(SolutionProperties) = preSolution
		HideSolutionNode = FALSE
	EndGlobalSection
	GlobalSection(ExtensibilityGlobals) = postSolution
		SolutionGuid = {2E62034E-FA6E-4545-A81C-D095BDBEC75F}
	EndGlobalSection
EndGlobal
